hash: 01ae7c5a37307646a7cd354c30cfe652e2560e4d024b11bfef8e6e664243781a
updated: 2016-12-13T12:02:04.610374239-05:00
imports:
- name: github.com/fvbock/endless
  version: 2cb11c9cda26775a5c53aeb1ee996c76d02831d9
- name: github.com/gin-gonic/gin
  version: 2cb11c9cda26775a5c53aeb1ee996c76d02831d9
  subpackages:
  - binding
  - render
- name: github.com/golang/protobuf
  version: ""
  subpackages:
  - proto
- name: github.com/manucorporat/sse
  version: ""
- name: github.com/mattn/go-isatty
  version: 2cb11c9cda26775a5c53aeb1ee996c76d02831d9
- name: github.com/venicegeo/pz-gocommon
  version: 2cb11c9cda26775a5c53aeb1ee996c76d02831d9
  subpackages:
  - gocommon
  - syslog
  - elasticsearch
- name: github.com/venicegeo/pz-logger
  version: 2cb11c9cda26775a5c53aeb1ee996c76d02831d9
  subpackages:
  - logger
- name: golang.org/x/net
  version: ""
  subpackages:
  - context
  - context/ctxhttp
- name: golang.org/x/sys
  version: 2cb11c9cda26775a5c53aeb1ee996c76d02831d9
  subpackages:
  - unix
- name: gopkg.in/go-playground/validator.v8
  version: ""
- name: gopkg.in/olivere/elastic.v3
  version: 2cb11c9cda26775a5c53aeb1ee996c76d02831d9
  subpackages:
  - backoff
  - uritemplates
- name: gopkg.in/yaml.v2
  version: 2cb11c9cda26775a5c53aeb1ee996c76d02831d9
testImports:
- name: github.com/davecgh/go-spew
  version: ""
  subpackages:
  - spew
- name: github.com/pmezard/go-difflib
  version: ""
  subpackages:
  - difflib
- name: github.com/stretchr/testify
  version: ""
  subpackages:
  - assert
  - suite
  - require
